// !$*UTF8*$!
{
	archiveVersion = 1;
	classes = {
	};
	objectVersion = 48;
	objects = {

/* Begin PBXBuildFile section */
		2F60572F1F9F363F00E1A152 /* AppDelegate.swift in Sources */ = {isa = PBXBuildFile; fileRef = 2F60572E1F9F363F00E1A152 /* AppDelegate.swift */; };
		2F6057341F9F363F00E1A152 /* Main.storyboard in Resources */ = {isa = PBXBuildFile; fileRef = 2F6057321F9F363F00E1A152 /* Main.storyboard */; };
		2F6057361F9F363F00E1A152 /* Assets.xcassets in Resources */ = {isa = PBXBuildFile; fileRef = 2F6057351F9F363F00E1A152 /* Assets.xcassets */; };
		2F6057391F9F363F00E1A152 /* LaunchScreen.storyboard in Resources */ = {isa = PBXBuildFile; fileRef = 2F6057371F9F363F00E1A152 /* LaunchScreen.storyboard */; };
		2F6057441F9F363F00E1A152 /* RxSwiftPalletTests.swift in Sources */ = {isa = PBXBuildFile; fileRef = 2F6057431F9F363F00E1A152 /* RxSwiftPalletTests.swift */; };
		2F60574F1F9F363F00E1A152 /* RxSwiftPalletUITests.swift in Sources */ = {isa = PBXBuildFile; fileRef = 2F60574E1F9F363F00E1A152 /* RxSwiftPalletUITests.swift */; };
		2F6057611F9F37D400E1A152 /* LocalView.swift in Sources */ = {isa = PBXBuildFile; fileRef = 2F60575D1F9F37D400E1A152 /* LocalView.swift */; };
		2F6057621F9F37D400E1A152 /* Model.swift in Sources */ = {isa = PBXBuildFile; fileRef = 2F60575E1F9F37D400E1A152 /* Model.swift */; };
		2F6057631F9F37D400E1A152 /* ViewController.swift in Sources */ = {isa = PBXBuildFile; fileRef = 2F60575F1F9F37D400E1A152 /* ViewController.swift */; };
		2F6057641F9F37D400E1A152 /* ViewModel.swift in Sources */ = {isa = PBXBuildFile; fileRef = 2F6057601F9F37D400E1A152 /* ViewModel.swift */; };
		3779BFFE16A1A1A1693E0E68 /* Pods_RxSwiftPalletTests.framework in Frameworks */ = {isa = PBXBuildFile; fileRef = 0DAA38456FBCDFD9A76F6D97 /* Pods_RxSwiftPalletTests.framework */; };
		5081D3B71EF8545D1FA382C2 /* Pods_RxSwiftPallet.framework in Frameworks */ = {isa = PBXBuildFile; fileRef = 9872797282E0920FD1078C7A /* Pods_RxSwiftPallet.framework */; };
		C2F8B4CE4762CB92607EC1C6 /* Pods_RxSwiftPalletUITests.framework in Frameworks */ = {isa = PBXBuildFile; fileRef = CD887FF40FB85087CAAFA50F /* Pods_RxSwiftPalletUITests.framework */; };
/* End PBXBuildFile section */

/* Begin PBXContainerItemProxy section */
		2F6057401F9F363F00E1A152 /* PBXContainerItemProxy */ = {
			isa = PBXContainerItemProxy;
			containerPortal = 2F6057231F9F363F00E1A152 /* Project object */;
			proxyType = 1;
			remoteGlobalIDString = 2F60572A1F9F363F00E1A152;
			remoteInfo = RxSwiftPallet;
		};
		2F60574B1F9F363F00E1A152 /* PBXContainerItemProxy */ = {
			isa = PBXContainerItemProxy;
			containerPortal = 2F6057231F9F363F00E1A152 /* Project object */;
			proxyType = 1;
			remoteGlobalIDString = 2F60572A1F9F363F00E1A152;
			remoteInfo = RxSwiftPallet;
		};
/* End PBXContainerItemProxy section */

/* Begin PBXFileReference section */
		0DAA38456FBCDFD9A76F6D97 /* Pods_RxSwiftPalletTests.framework */ = {isa = PBXFileReference; explicitFileType = wrapper.framework; includeInIndex = 0; path = Pods_RxSwiftPalletTests.framework; sourceTree = BUILT_PRODUCTS_DIR; };
		1454DE25E1D315ACFDB682F7 /* Pods-RxSwiftPalletUITests.release.xcconfig */ = {isa = PBXFileReference; includeInIndex = 1; lastKnownFileType = text.xcconfig; name = "Pods-RxSwiftPalletUITests.release.xcconfig"; path = "Pods/Target Support Files/Pods-RxSwiftPalletUITests/Pods-RxSwiftPalletUITests.release.xcconfig"; sourceTree = "<group>"; };
		2F60572B1F9F363F00E1A152 /* RxSwiftPallet.app */ = {isa = PBXFileReference; explicitFileType = wrapper.application; includeInIndex = 0; path = RxSwiftPallet.app; sourceTree = BUILT_PRODUCTS_DIR; };
		2F60572E1F9F363F00E1A152 /* AppDelegate.swift */ = {isa = PBXFileReference; lastKnownFileType = sourcecode.swift; path = AppDelegate.swift; sourceTree = "<group>"; };
		2F6057331F9F363F00E1A152 /* Base */ = {isa = PBXFileReference; lastKnownFileType = file.storyboard; name = Base; path = Base.lproj/Main.storyboard; sourceTree = "<group>"; };
		2F6057351F9F363F00E1A152 /* Assets.xcassets */ = {isa = PBXFileReference; lastKnownFileType = folder.assetcatalog; path = Assets.xcassets; sourceTree = "<group>"; };
		2F6057381F9F363F00E1A152 /* Base */ = {isa = PBXFileReference; lastKnownFileType = file.storyboard; name = Base; path = Base.lproj/LaunchScreen.storyboard; sourceTree = "<group>"; };
		2F60573A1F9F363F00E1A152 /* Info.plist */ = {isa = PBXFileReference; lastKnownFileType = text.plist.xml; path = Info.plist; sourceTree = "<group>"; };
		2F60573F1F9F363F00E1A152 /* RxSwiftPalletTests.xctest */ = {isa = PBXFileReference; explicitFileType = wrapper.cfbundle; includeInIndex = 0; path = RxSwiftPalletTests.xctest; sourceTree = BUILT_PRODUCTS_DIR; };
		2F6057431F9F363F00E1A152 /* RxSwiftPalletTests.swift */ = {isa = PBXFileReference; lastKnownFileType = sourcecode.swift; path = RxSwiftPalletTests.swift; sourceTree = "<group>"; };
		2F6057451F9F363F00E1A152 /* Info.plist */ = {isa = PBXFileReference; lastKnownFileType = text.plist.xml; path = Info.plist; sourceTree = "<group>"; };
		2F60574A1F9F363F00E1A152 /* RxSwiftPalletUITests.xctest */ = {isa = PBXFileReference; explicitFileType = wrapper.cfbundle; includeInIndex = 0; path = RxSwiftPalletUITests.xctest; sourceTree = BUILT_PRODUCTS_DIR; };
		2F60574E1F9F363F00E1A152 /* RxSwiftPalletUITests.swift */ = {isa = PBXFileReference; lastKnownFileType = sourcecode.swift; path = RxSwiftPalletUITests.swift; sourceTree = "<group>"; };
		2F6057501F9F363F00E1A152 /* Info.plist */ = {isa = PBXFileReference; lastKnownFileType = text.plist.xml; path = Info.plist; sourceTree = "<group>"; };
		2F60575D1F9F37D400E1A152 /* LocalView.swift */ = {isa = PBXFileReference; fileEncoding = 4; lastKnownFileType = sourcecode.swift; path = LocalView.swift; sourceTree = "<group>"; };
		2F60575E1F9F37D400E1A152 /* Model.swift */ = {isa = PBXFileReference; fileEncoding = 4; lastKnownFileType = sourcecode.swift; path = Model.swift; sourceTree = "<group>"; };
		2F60575F1F9F37D400E1A152 /* ViewController.swift */ = {isa = PBXFileReference; fileEncoding = 4; lastKnownFileType = sourcecode.swift; path = ViewController.swift; sourceTree = "<group>"; };
		2F6057601F9F37D400E1A152 /* ViewModel.swift */ = {isa = PBXFileReference; fileEncoding = 4; lastKnownFileType = sourcecode.swift; path = ViewModel.swift; sourceTree = "<group>"; };
		8EF2D97FD3B4425EFEB32E3F /* Pods-RxSwiftPalletTests.debug.xcconfig */ = {isa = PBXFileReference; includeInIndex = 1; lastKnownFileType = text.xcconfig; name = "Pods-RxSwiftPalletTests.debug.xcconfig"; path = "Pods/Target Support Files/Pods-RxSwiftPalletTests/Pods-RxSwiftPalletTests.debug.xcconfig"; sourceTree = "<group>"; };
		9872797282E0920FD1078C7A /* Pods_RxSwiftPallet.framework */ = {isa = PBXFileReference; explicitFileType = wrapper.framework; includeInIndex = 0; path = Pods_RxSwiftPallet.framework; sourceTree = BUILT_PRODUCTS_DIR; };
		CD887FF40FB85087CAAFA50F /* Pods_RxSwiftPalletUITests.framework */ = {isa = PBXFileReference; explicitFileType = wrapper.framework; includeInIndex = 0; path = Pods_RxSwiftPalletUITests.framework; sourceTree = BUILT_PRODUCTS_DIR; };
		D3FD474827B42D43C595C2DB /* Pods-RxSwiftPalletTests.release.xcconfig */ = {isa = PBXFileReference; includeInIndex = 1; lastKnownFileType = text.xcconfig; name = "Pods-RxSwiftPalletTests.release.xcconfig"; path = "Pods/Target Support Files/Pods-RxSwiftPalletTests/Pods-RxSwiftPalletTests.release.xcconfig"; sourceTree = "<group>"; };
		DA953BC355691A9286458AD9 /* Pods-RxSwiftPallet.release.xcconfig */ = {isa = PBXFileReference; includeInIndex = 1; lastKnownFileType = text.xcconfig; name = "Pods-RxSwiftPallet.release.xcconfig"; path = "Pods/Target Support Files/Pods-RxSwiftPallet/Pods-RxSwiftPallet.release.xcconfig"; sourceTree = "<group>"; };
		E24DA8932086AF20156D823D /* Pods-RxSwiftPalletUITests.debug.xcconfig */ = {isa = PBXFileReference; includeInIndex = 1; lastKnownFileType = text.xcconfig; name = "Pods-RxSwiftPalletUITests.debug.xcconfig"; path = "Pods/Target Support Files/Pods-RxSwiftPalletUITests/Pods-RxSwiftPalletUITests.debug.xcconfig"; sourceTree = "<group>"; };
		FD31340B50651A72BAE0986B /* Pods-RxSwiftPallet.debug.xcconfig */ = {isa = PBXFileReference; includeInIndex = 1; lastKnownFileType = text.xcconfig; name = "Pods-RxSwiftPallet.debug.xcconfig"; path = "Pods/Target Support Files/Pods-RxSwiftPallet/Pods-RxSwiftPallet.debug.xcconfig"; sourceTree = "<group>"; };
/* End PBXFileReference section */

/* Begin PBXFrameworksBuildPhase section */
		2F6057281F9F363F00E1A152 /* Frameworks */ = {
			isa = PBXFrameworksBuildPhase;
			buildActionMask = 2147483647;
			files = (
				5081D3B71EF8545D1FA382C2 /* Pods_RxSwiftPallet.framework in Frameworks */,
			);
			runOnlyForDeploymentPostprocessing = 0;
		};
		2F60573C1F9F363F00E1A152 /* Frameworks */ = {
			isa = PBXFrameworksBuildPhase;
			buildActionMask = 2147483647;
			files = (
				3779BFFE16A1A1A1693E0E68 /* Pods_RxSwiftPalletTests.framework in Frameworks */,
			);
			runOnlyForDeploymentPostprocessing = 0;
		};
		2F6057471F9F363F00E1A152 /* Frameworks */ = {
			isa = PBXFrameworksBuildPhase;
			buildActionMask = 2147483647;
			files = (
				C2F8B4CE4762CB92607EC1C6 /* Pods_RxSwiftPalletUITests.framework in Frameworks */,
			);
			runOnlyForDeploymentPostprocessing = 0;
		};
/* End PBXFrameworksBuildPhase section */

/* Begin PBXGroup section */
		2F6057221F9F363F00E1A152 = {
			isa = PBXGroup;
			children = (
				2F60572D1F9F363F00E1A152 /* RxSwiftPallet */,
				2F6057421F9F363F00E1A152 /* RxSwiftPalletTests */,
				2F60574D1F9F363F00E1A152 /* RxSwiftPalletUITests */,
				2F60572C1F9F363F00E1A152 /* Products */,
				676CB847947A6C5F795B2660 /* Pods */,
				950D1C39ED903CCB1EDB92D5 /* Frameworks */,
			);
			sourceTree = "<group>";
		};
		2F60572C1F9F363F00E1A152 /* Products */ = {
			isa = PBXGroup;
			children = (
				2F60572B1F9F363F00E1A152 /* RxSwiftPallet.app */,
				2F60573F1F9F363F00E1A152 /* RxSwiftPalletTests.xctest */,
				2F60574A1F9F363F00E1A152 /* RxSwiftPalletUITests.xctest */,
			);
			name = Products;
			sourceTree = "<group>";
		};
		2F60572D1F9F363F00E1A152 /* RxSwiftPallet */ = {
			isa = PBXGroup;
			children = (
				2F60575C1F9F37D400E1A152 /* Core */,
				2F60572E1F9F363F00E1A152 /* AppDelegate.swift */,
				2F6057321F9F363F00E1A152 /* Main.storyboard */,
				2F6057351F9F363F00E1A152 /* Assets.xcassets */,
				2F6057371F9F363F00E1A152 /* LaunchScreen.storyboard */,
				2F60573A1F9F363F00E1A152 /* Info.plist */,
			);
			path = RxSwiftPallet;
			sourceTree = "<group>";
		};
		2F6057421F9F363F00E1A152 /* RxSwiftPalletTests */ = {
			isa = PBXGroup;
			children = (
				2F6057431F9F363F00E1A152 /* RxSwiftPalletTests.swift */,
				2F6057451F9F363F00E1A152 /* Info.plist */,
			);
			path = RxSwiftPalletTests;
			sourceTree = "<group>";
		};
		2F60574D1F9F363F00E1A152 /* RxSwiftPalletUITests */ = {
			isa = PBXGroup;
			children = (
				2F60574E1F9F363F00E1A152 /* RxSwiftPalletUITests.swift */,
				2F6057501F9F363F00E1A152 /* Info.plist */,
			);
			path = RxSwiftPalletUITests;
			sourceTree = "<group>";
		};
		2F60575C1F9F37D400E1A152 /* Core */ = {
			isa = PBXGroup;
			children = (
				2F60575D1F9F37D400E1A152 /* LocalView.swift */,
				2F60575E1F9F37D400E1A152 /* Model.swift */,
				2F60575F1F9F37D400E1A152 /* ViewController.swift */,
				2F6057601F9F37D400E1A152 /* ViewModel.swift */,
			);
			path = Core;
			sourceTree = "<group>";
		};
		676CB847947A6C5F795B2660 /* Pods */ = {
			isa = PBXGroup;
			children = (
				FD31340B50651A72BAE0986B /* Pods-RxSwiftPallet.debug.xcconfig */,
				DA953BC355691A9286458AD9 /* Pods-RxSwiftPallet.release.xcconfig */,
				8EF2D97FD3B4425EFEB32E3F /* Pods-RxSwiftPalletTests.debug.xcconfig */,
				D3FD474827B42D43C595C2DB /* Pods-RxSwiftPalletTests.release.xcconfig */,
				E24DA8932086AF20156D823D /* Pods-RxSwiftPalletUITests.debug.xcconfig */,
				1454DE25E1D315ACFDB682F7 /* Pods-RxSwiftPalletUITests.release.xcconfig */,
			);
			name = Pods;
			sourceTree = "<group>";
		};
		950D1C39ED903CCB1EDB92D5 /* Frameworks */ = {
			isa = PBXGroup;
			children = (
				9872797282E0920FD1078C7A /* Pods_RxSwiftPallet.framework */,
				0DAA38456FBCDFD9A76F6D97 /* Pods_RxSwiftPalletTests.framework */,
				CD887FF40FB85087CAAFA50F /* Pods_RxSwiftPalletUITests.framework */,
			);
			name = Frameworks;
			sourceTree = "<group>";
		};
/* End PBXGroup section */

/* Begin PBXNativeTarget section */
		2F60572A1F9F363F00E1A152 /* RxSwiftPallet */ = {
			isa = PBXNativeTarget;
			buildConfigurationList = 2F6057531F9F363F00E1A152 /* Build configuration list for PBXNativeTarget "RxSwiftPallet" */;
			buildPhases = (
				06AC3D0AE88147470E0793F5 /* [CP] Check Pods Manifest.lock */,
				2F6057271F9F363F00E1A152 /* Sources */,
				2F6057281F9F363F00E1A152 /* Frameworks */,
				2F6057291F9F363F00E1A152 /* Resources */,
				B139F5FDF54D2D87D55E0A9D /* [CP] Embed Pods Frameworks */,
				C7387ACAA63DA20BCB01C30C /* [CP] Copy Pods Resources */,
			);
			buildRules = (
			);
			dependencies = (
			);
			name = RxSwiftPallet;
			productName = RxSwiftPallet;
			productReference = 2F60572B1F9F363F00E1A152 /* RxSwiftPallet.app */;
			productType = "com.apple.product-type.application";
		};
		2F60573E1F9F363F00E1A152 /* RxSwiftPalletTests */ = {
			isa = PBXNativeTarget;
			buildConfigurationList = 2F6057561F9F363F00E1A152 /* Build configuration list for PBXNativeTarget "RxSwiftPalletTests" */;
			buildPhases = (
				3235936678CB92AD04511896 /* [CP] Check Pods Manifest.lock */,
				2F60573B1F9F363F00E1A152 /* Sources */,
				2F60573C1F9F363F00E1A152 /* Frameworks */,
				2F60573D1F9F363F00E1A152 /* Resources */,
				70D137D040CA7C28C62F357D /* [CP] Embed Pods Frameworks */,
				32CDE4C7D2A0A6A522545CB6 /* [CP] Copy Pods Resources */,
			);
			buildRules = (
			);
			dependencies = (
				2F6057411F9F363F00E1A152 /* PBXTargetDependency */,
			);
			name = RxSwiftPalletTests;
			productName = RxSwiftPalletTests;
			productReference = 2F60573F1F9F363F00E1A152 /* RxSwiftPalletTests.xctest */;
			productType = "com.apple.product-type.bundle.unit-test";
		};
		2F6057491F9F363F00E1A152 /* RxSwiftPalletUITests */ = {
			isa = PBXNativeTarget;
			buildConfigurationList = 2F6057591F9F363F00E1A152 /* Build configuration list for PBXNativeTarget "RxSwiftPalletUITests" */;
			buildPhases = (
				2EA45AFD7055F27D56B9DB7B /* [CP] Check Pods Manifest.lock */,
				2F6057461F9F363F00E1A152 /* Sources */,
				2F6057471F9F363F00E1A152 /* Frameworks */,
				2F6057481F9F363F00E1A152 /* Resources */,
				A30CD66BAC5D9C75F38E4D89 /* [CP] Embed Pods Frameworks */,
				6E7858FABD1A9271320DADB1 /* [CP] Copy Pods Resources */,
			);
			buildRules = (
			);
			dependencies = (
				2F60574C1F9F363F00E1A152 /* PBXTargetDependency */,
			);
			name = RxSwiftPalletUITests;
			productName = RxSwiftPalletUITests;
			productReference = 2F60574A1F9F363F00E1A152 /* RxSwiftPalletUITests.xctest */;
			productType = "com.apple.product-type.bundle.ui-testing";
		};
/* End PBXNativeTarget section */

/* Begin PBXProject section */
		2F6057231F9F363F00E1A152 /* Project object */ = {
			isa = PBXProject;
			attributes = {
				LastSwiftUpdateCheck = 0900;
				LastUpgradeCheck = 0900;
				ORGANIZATIONNAME = Heinz;
				TargetAttributes = {
					2F60572A1F9F363F00E1A152 = {
						CreatedOnToolsVersion = 9.0.1;
						ProvisioningStyle = Automatic;
					};
					2F60573E1F9F363F00E1A152 = {
						CreatedOnToolsVersion = 9.0.1;
						ProvisioningStyle = Automatic;
						TestTargetID = 2F60572A1F9F363F00E1A152;
					};
					2F6057491F9F363F00E1A152 = {
						CreatedOnToolsVersion = 9.0.1;
						ProvisioningStyle = Automatic;
						TestTargetID = 2F60572A1F9F363F00E1A152;
					};
				};
			};
			buildConfigurationList = 2F6057261F9F363F00E1A152 /* Build configuration list for PBXProject "RxSwiftPallet" */;
			compatibilityVersion = "Xcode 8.0";
			developmentRegion = en;
			hasScannedForEncodings = 0;
			knownRegions = (
				en,
				Base,
			);
			mainGroup = 2F6057221F9F363F00E1A152;
			productRefGroup = 2F60572C1F9F363F00E1A152 /* Products */;
			projectDirPath = "";
			projectRoot = "";
			targets = (
				2F60572A1F9F363F00E1A152 /* RxSwiftPallet */,
				2F60573E1F9F363F00E1A152 /* RxSwiftPalletTests */,
				2F6057491F9F363F00E1A152 /* RxSwiftPalletUITests */,
			);
		};
/* End PBXProject section */

/* Begin PBXResourcesBuildPhase section */
		2F6057291F9F363F00E1A152 /* Resources */ = {
			isa = PBXResourcesBuildPhase;
			buildActionMask = 2147483647;
			files = (
				2F6057391F9F363F00E1A152 /* LaunchScreen.storyboard in Resources */,
				2F6057361F9F363F00E1A152 /* Assets.xcassets in Resources */,
				2F6057341F9F363F00E1A152 /* Main.storyboard in Resources */,
			);
			runOnlyForDeploymentPostprocessing = 0;
		};
		2F60573D1F9F363F00E1A152 /* Resources */ = {
			isa = PBXResourcesBuildPhase;
			buildActionMask = 2147483647;
			files = (
			);
			runOnlyForDeploymentPostprocessing = 0;
		};
		2F6057481F9F363F00E1A152 /* Resources */ = {
			isa = PBXResourcesBuildPhase;
			buildActionMask = 2147483647;
			files = (
			);
			runOnlyForDeploymentPostprocessing = 0;
		};
/* End PBXResourcesBuildPhase section */

/* Begin PBXShellScriptBuildPhase section */
		06AC3D0AE88147470E0793F5 /* [CP] Check Pods Manifest.lock */ = {
			isa = PBXShellScriptBuildPhase;
			buildActionMask = 2147483647;
			files = (
			);
			inputPaths = (
				"${PODS_PODFILE_DIR_PATH}/Podfile.lock",
				"${PODS_ROOT}/Manifest.lock",
			);
			name = "[CP] Check Pods Manifest.lock";
			outputPaths = (
				"$(DERIVED_FILE_DIR)/Pods-RxSwiftPallet-checkManifestLockResult.txt",
			);
			runOnlyForDeploymentPostprocessing = 0;
			shellPath = /bin/sh;
			shellScript = "diff \"${PODS_PODFILE_DIR_PATH}/Podfile.lock\" \"${PODS_ROOT}/Manifest.lock\" > /dev/null\nif [ $? != 0 ] ; then\n    # print error to STDERR\n    echo \"error: The sandbox is not in sync with the Podfile.lock. Run 'pod install' or update your CocoaPods installation.\" >&2\n    exit 1\nfi\n# This output is used by Xcode 'outputs' to avoid re-running this script phase.\necho \"SUCCESS\" > \"${SCRIPT_OUTPUT_FILE_0}\"\n";
			showEnvVarsInLog = 0;
		};
		2EA45AFD7055F27D56B9DB7B /* [CP] Check Pods Manifest.lock */ = {
			isa = PBXShellScriptBuildPhase;
			buildActionMask = 2147483647;
			files = (
			);
			inputPaths = (
				"${PODS_PODFILE_DIR_PATH}/Podfile.lock",
				"${PODS_ROOT}/Manifest.lock",
			);
			name = "[CP] Check Pods Manifest.lock";
			outputPaths = (
				"$(DERIVED_FILE_DIR)/Pods-RxSwiftPalletUITests-checkManifestLockResult.txt",
			);
			runOnlyForDeploymentPostprocessing = 0;
			shellPath = /bin/sh;
			shellScript = "diff \"${PODS_PODFILE_DIR_PATH}/Podfile.lock\" \"${PODS_ROOT}/Manifest.lock\" > /dev/null\nif [ $? != 0 ] ; then\n    # print error to STDERR\n    echo \"error: The sandbox is not in sync with the Podfile.lock. Run 'pod install' or update your CocoaPods installation.\" >&2\n    exit 1\nfi\n# This output is used by Xcode 'outputs' to avoid re-running this script phase.\necho \"SUCCESS\" > \"${SCRIPT_OUTPUT_FILE_0}\"\n";
			showEnvVarsInLog = 0;
		};
		3235936678CB92AD04511896 /* [CP] Check Pods Manifest.lock */ = {
			isa = PBXShellScriptBuildPhase;
			buildActionMask = 2147483647;
			files = (
			);
			inputPaths = (
				"${PODS_PODFILE_DIR_PATH}/Podfile.lock",
				"${PODS_ROOT}/Manifest.lock",
			);
			name = "[CP] Check Pods Manifest.lock";
			outputPaths = (
				"$(DERIVED_FILE_DIR)/Pods-RxSwiftPalletTests-checkManifestLockResult.txt",
			);
			runOnlyForDeploymentPostprocessing = 0;
			shellPath = /bin/sh;
			shellScript = "diff \"${PODS_PODFILE_DIR_PATH}/Podfile.lock\" \"${PODS_ROOT}/Manifest.lock\" > /dev/null\nif [ $? != 0 ] ; then\n    # print error to STDERR\n    echo \"error: The sandbox is not in sync with the Podfile.lock. Run 'pod install' or update your CocoaPods installation.\" >&2\n    exit 1\nfi\n# This output is used by Xcode 'outputs' to avoid re-running this script phase.\necho \"SUCCESS\" > \"${SCRIPT_OUTPUT_FILE_0}\"\n";
			showEnvVarsInLog = 0;
		};
		32CDE4C7D2A0A6A522545CB6 /* [CP] Copy Pods Resources */ = {
			isa = PBXShellScriptBuildPhase;
			buildActionMask = 2147483647;
			files = (
			);
			inputPaths = (
			);
			name = "[CP] Copy Pods Resources";
			outputPaths = (
			);
			runOnlyForDeploymentPostprocessing = 0;
			shellPath = /bin/sh;
			shellScript = "\"${SRCROOT}/Pods/Target Support Files/Pods-RxSwiftPalletTests/Pods-RxSwiftPalletTests-resources.sh\"\n";
			showEnvVarsInLog = 0;
		};
		6E7858FABD1A9271320DADB1 /* [CP] Copy Pods Resources */ = {
			isa = PBXShellScriptBuildPhase;
			buildActionMask = 2147483647;
			files = (
			);
			inputPaths = (
			);
			name = "[CP] Copy Pods Resources";
			outputPaths = (
			);
			runOnlyForDeploymentPostprocessing = 0;
			shellPath = /bin/sh;
			shellScript = "\"${SRCROOT}/Pods/Target Support Files/Pods-RxSwiftPalletUITests/Pods-RxSwiftPalletUITests-resources.sh\"\n";
			showEnvVarsInLog = 0;
		};
		70D137D040CA7C28C62F357D /* [CP] Embed Pods Frameworks */ = {
			isa = PBXShellScriptBuildPhase;
			buildActionMask = 2147483647;
			files = (
			);
			inputPaths = (
			);
			name = "[CP] Embed Pods Frameworks";
			outputPaths = (
			);
			runOnlyForDeploymentPostprocessing = 0;
			shellPath = /bin/sh;
			shellScript = "\"${SRCROOT}/Pods/Target Support Files/Pods-RxSwiftPalletTests/Pods-RxSwiftPalletTests-frameworks.sh\"\n";
			showEnvVarsInLog = 0;
		};
		A30CD66BAC5D9C75F38E4D89 /* [CP] Embed Pods Frameworks */ = {
			isa = PBXShellScriptBuildPhase;
			buildActionMask = 2147483647;
			files = (
			);
			inputPaths = (
			);
			name = "[CP] Embed Pods Frameworks";
			outputPaths = (
			);
			runOnlyForDeploymentPostprocessing = 0;
			shellPath = /bin/sh;
			shellScript = "\"${SRCROOT}/Pods/Target Support Files/Pods-RxSwiftPalletUITests/Pods-RxSwiftPalletUITests-frameworks.sh\"\n";
			showEnvVarsInLog = 0;
		};
		B139F5FDF54D2D87D55E0A9D /* [CP] Embed Pods Frameworks */ = {
			isa = PBXShellScriptBuildPhase;
			buildActionMask = 2147483647;
			files = (
			);
			inputPaths = (
				"${SRCROOT}/Pods/Target Support Files/Pods-RxSwiftPallet/Pods-RxSwiftPallet-frameworks.sh",
				"${BUILT_PRODUCTS_DIR}/RxCocoa/RxCocoa.framework",
				"${BUILT_PRODUCTS_DIR}/RxSwift/RxSwift.framework",
			);
			name = "[CP] Embed Pods Frameworks";
			outputPaths = (
				"${TARGET_BUILD_DIR}/${FRAMEWORKS_FOLDER_PATH}/RxCocoa.framework",
				"${TARGET_BUILD_DIR}/${FRAMEWORKS_FOLDER_PATH}/RxSwift.framework",
			);
			runOnlyForDeploymentPostprocessing = 0;
			shellPath = /bin/sh;
			shellScript = "\"${SRCROOT}/Pods/Target Support Files/Pods-RxSwiftPallet/Pods-RxSwiftPallet-frameworks.sh\"\n";
			showEnvVarsInLog = 0;
		};
		C7387ACAA63DA20BCB01C30C /* [CP] Copy Pods Resources */ = {
			isa = PBXShellScriptBuildPhase;
			buildActionMask = 2147483647;
			files = (
			);
			inputPaths = (
			);
			name = "[CP] Copy Pods Resources";
			outputPaths = (
			);
			runOnlyForDeploymentPostprocessing = 0;
			shellPath = /bin/sh;
			shellScript = "\"${SRCROOT}/Pods/Target Support Files/Pods-RxSwiftPallet/Pods-RxSwiftPallet-resources.sh\"\n";
			showEnvVarsInLog = 0;
		};
/* End PBXShellScriptBuildPhase section */

/* Begin PBXSourcesBuildPhase section */
		2F6057271F9F363F00E1A152 /* Sources */ = {
			isa = PBXSourcesBuildPhase;
			buildActionMask = 2147483647;
			files = (
				2F6057631F9F37D400E1A152 /* ViewController.swift in Sources */,
				2F6057611F9F37D400E1A152 /* LocalView.swift in Sources */,
				2F60572F1F9F363F00E1A152 /* AppDelegate.swift in Sources */,
				2F6057641F9F37D400E1A152 /* ViewModel.swift in Sources */,
				2F6057621F9F37D400E1A152 /* Model.swift in Sources */,
			);
			runOnlyForDeploymentPostprocessing = 0;
		};
		2F60573B1F9F363F00E1A152 /* Sources */ = {
			isa = PBXSourcesBuildPhase;
			buildActionMask = 2147483647;
			files = (
				2F6057441F9F363F00E1A152 /* RxSwiftPalletTests.swift in Sources */,
			);
			runOnlyForDeploymentPostprocessing = 0;
		};
		2F6057461F9F363F00E1A152 /* Sources */ = {
			isa = PBXSourcesBuildPhase;
			buildActionMask = 2147483647;
			files = (
				2F60574F1F9F363F00E1A152 /* RxSwiftPalletUITests.swift in Sources */,
			);
			runOnlyForDeploymentPostprocessing = 0;
		};
/* End PBXSourcesBuildPhase section */

/* Begin PBXTargetDependency section */
		2F6057411F9F363F00E1A152 /* PBXTargetDependency */ = {
			isa = PBXTargetDependency;
			target = 2F60572A1F9F363F00E1A152 /* RxSwiftPallet */;
			targetProxy = 2F6057401F9F363F00E1A152 /* PBXContainerItemProxy */;
		};
		2F60574C1F9F363F00E1A152 /* PBXTargetDependency */ = {
			isa = PBXTargetDependency;
			target = 2F60572A1F9F363F00E1A152 /* RxSwiftPallet */;
			targetProxy = 2F60574B1F9F363F00E1A152 /* PBXContainerItemProxy */;
		};
/* End PBXTargetDependency section */

/* Begin PBXVariantGroup section */
		2F6057321F9F363F00E1A152 /* Main.storyboard */ = {
			isa = PBXVariantGroup;
			children = (
				2F6057331F9F363F00E1A152 /* Base */,
			);
			name = Main.storyboard;
			sourceTree = "<group>";
		};
		2F6057371F9F363F00E1A152 /* LaunchScreen.storyboard */ = {
			isa = PBXVariantGroup;
			children = (
				2F6057381F9F363F00E1A152 /* Base */,
			);
			name = LaunchScreen.storyboard;
			sourceTree = "<group>";
		};
/* End PBXVariantGroup section */

/* Begin XCBuildConfiguration section */
		2F6057511F9F363F00E1A152 /* Debug */ = {
			isa = XCBuildConfiguration;
			buildSettings = {
				ALWAYS_SEARCH_USER_PATHS = NO;
				CLANG_ANALYZER_NONNULL = YES;
				CLANG_ANALYZER_NUMBER_OBJECT_CONVERSION = YES_AGGRESSIVE;
				CLANG_CXX_LANGUAGE_STANDARD = "gnu++14";
				CLANG_CXX_LIBRARY = "libc++";
				CLANG_ENABLE_MODULES = YES;
				CLANG_ENABLE_OBJC_ARC = YES;
				CLANG_WARN_BLOCK_CAPTURE_AUTORELEASING = YES;
				CLANG_WARN_BOOL_CONVERSION = YES;
				CLANG_WARN_COMMA = YES;
				CLANG_WARN_CONSTANT_CONVERSION = YES;
				CLANG_WARN_DIRECT_OBJC_ISA_USAGE = YES_ERROR;
				CLANG_WARN_DOCUMENTATION_COMMENTS = YES;
				CLANG_WARN_EMPTY_BODY = YES;
				CLANG_WARN_ENUM_CONVERSION = YES;
				CLANG_WARN_INFINITE_RECURSION = YES;
				CLANG_WARN_INT_CONVERSION = YES;
				CLANG_WARN_NON_LITERAL_NULL_CONVERSION = YES;
				CLANG_WARN_OBJC_LITERAL_CONVERSION = YES;
				CLANG_WARN_OBJC_ROOT_CLASS = YES_ERROR;
				CLANG_WARN_RANGE_LOOP_ANALYSIS = YES;
				CLANG_WARN_STRICT_PROTOTYPES = YES;
				CLANG_WARN_SUSPICIOUS_MOVE = YES;
				CLANG_WARN_UNGUARDED_AVAILABILITY = YES_AGGRESSIVE;
				CLANG_WARN_UNREACHABLE_CODE = YES;
				CLANG_WARN__DUPLICATE_METHOD_MATCH = YES;
				CODE_SIGN_IDENTITY = "iPhone Developer";
				COPY_PHASE_STRIP = NO;
				DEBUG_INFORMATION_FORMAT = dwarf;
				ENABLE_STRICT_OBJC_MSGSEND = YES;
				ENABLE_TESTABILITY = YES;
				GCC_C_LANGUAGE_STANDARD = gnu11;
				GCC_DYNAMIC_NO_PIC = NO;
				GCC_NO_COMMON_BLOCKS = YES;
				GCC_OPTIMIZATION_LEVEL = 0;
				GCC_PREPROCESSOR_DEFINITIONS = (
					"DEBUG=1",
					"$(inherited)",
				);
				GCC_WARN_64_TO_32_BIT_CONVERSION = YES;
				GCC_WARN_ABOUT_RETURN_TYPE = YES_ERROR;
				GCC_WARN_UNDECLARED_SELECTOR = YES;
				GCC_WARN_UNINITIALIZED_AUTOS = YES_AGGRESSIVE;
				GCC_WARN_UNUSED_FUNCTION = YES;
				GCC_WARN_UNUSED_VARIABLE = YES;
				IPHONEOS_DEPLOYMENT_TARGET = 11.0;
				MTL_ENABLE_DEBUG_INFO = YES;
				ONLY_ACTIVE_ARCH = YES;
				SDKROOT = iphoneos;
				SWIFT_ACTIVE_COMPILATION_CONDITIONS = DEBUG;
				SWIFT_OPTIMIZATION_LEVEL = "-Onone";
			};
			name = Debug;
		};
		2F6057521F9F363F00E1A152 /* Release */ = {
			isa = XCBuildConfiguration;
			buildSettings = {
				ALWAYS_SEARCH_USER_PATHS = NO;
				CLANG_ANALYZER_NONNULL = YES;
				CLANG_ANALYZER_NUMBER_OBJECT_CONVERSION = YES_AGGRESSIVE;
				CLANG_CXX_LANGUAGE_STANDARD = "gnu++14";
				CLANG_CXX_LIBRARY = "libc++";
				CLANG_ENABLE_MODULES = YES;
				CLANG_ENABLE_OBJC_ARC = YES;
				CLANG_WARN_BLOCK_CAPTURE_AUTORELEASING = YES;
				CLANG_WARN_BOOL_CONVERSION = YES;
				CLANG_WARN_COMMA = YES;
				CLANG_WARN_CONSTANT_CONVERSION = YES;
				CLANG_WARN_DIRECT_OBJC_ISA_USAGE = YES_ERROR;
				CLANG_WARN_DOCUMENTATION_COMMENTS = YES;
				CLANG_WARN_EMPTY_BODY = YES;
				CLANG_WARN_ENUM_CONVERSION = YES;
				CLANG_WARN_INFINITE_RECURSION = YES;
				CLANG_WARN_INT_CONVERSION = YES;
				CLANG_WARN_NON_LITERAL_NULL_CONVERSION = YES;
				CLANG_WARN_OBJC_LITERAL_CONVERSION = YES;
				CLANG_WARN_OBJC_ROOT_CLASS = YES_ERROR;
				CLANG_WARN_RANGE_LOOP_ANALYSIS = YES;
				CLANG_WARN_STRICT_PROTOTYPES = YES;
				CLANG_WARN_SUSPICIOUS_MOVE = YES;
				CLANG_WARN_UNGUARDED_AVAILABILITY = YES_AGGRESSIVE;
				CLANG_WARN_UNREACHABLE_CODE = YES;
				CLANG_WARN__DUPLICATE_METHOD_MATCH = YES;
				CODE_SIGN_IDENTITY = "iPhone Developer";
				COPY_PHASE_STRIP = NO;
				DEBUG_INFORMATION_FORMAT = "dwarf-with-dsym";
				ENABLE_NS_ASSERTIONS = NO;
				ENABLE_STRICT_OBJC_MSGSEND = YES;
				GCC_C_LANGUAGE_STANDARD = gnu11;
				GCC_NO_COMMON_BLOCKS = YES;
				GCC_WARN_64_TO_32_BIT_CONVERSION = YES;
				GCC_WARN_ABOUT_RETURN_TYPE = YES_ERROR;
				GCC_WARN_UNDECLARED_SELECTOR = YES;
				GCC_WARN_UNINITIALIZED_AUTOS = YES_AGGRESSIVE;
				GCC_WARN_UNUSED_FUNCTION = YES;
				GCC_WARN_UNUSED_VARIABLE = YES;
				IPHONEOS_DEPLOYMENT_TARGET = 11.0;
				MTL_ENABLE_DEBUG_INFO = NO;
				SDKROOT = iphoneos;
				SWIFT_OPTIMIZATION_LEVEL = "-Owholemodule";
				VALIDATE_PRODUCT = YES;
			};
			name = Release;
		};
		2F6057541F9F363F00E1A152 /* Debug */ = {
			isa = XCBuildConfiguration;
			baseConfigurationReference = FD31340B50651A72BAE0986B /* Pods-RxSwiftPallet.debug.xcconfig */;
			buildSettings = {
				ASSETCATALOG_COMPILER_APPICON_NAME = AppIcon;
				CODE_SIGN_STYLE = Automatic;
				DEVELOPMENT_TEAM = 4H2GBX7V7H;
				INFOPLIST_FILE = RxSwiftPallet/Info.plist;
				IPHONEOS_DEPLOYMENT_TARGET = 9.3;
				LD_RUNPATH_SEARCH_PATHS = "$(inherited) @executable_path/Frameworks";
				PRODUCT_BUNDLE_IDENTIFIER = com.Hain.RxSwiftPallet;
				PRODUCT_NAME = "$(TARGET_NAME)";
				SWIFT_VERSION = 4.0;
				TARGETED_DEVICE_FAMILY = "1,2";
			};
			name = Debug;
		};
		2F6057551F9F363F00E1A152 /* Release */ = {
			isa = XCBuildConfiguration;
			baseConfigurationReference = DA953BC355691A9286458AD9 /* Pods-RxSwiftPallet.release.xcconfig */;
			buildSettings = {
				ASSETCATALOG_COMPILER_APPICON_NAME = AppIcon;
				CODE_SIGN_STYLE = Automatic;
				DEVELOPMENT_TEAM = 4H2GBX7V7H;
				INFOPLIST_FILE = RxSwiftPallet/Info.plist;
				IPHONEOS_DEPLOYMENT_TARGET = 9.3;
				LD_RUNPATH_SEARCH_PATHS = "$(inherited) @executable_path/Frameworks";
				PRODUCT_BUNDLE_IDENTIFIER = com.Hain.RxSwiftPallet;
				PRODUCT_NAME = "$(TARGET_NAME)";
				SWIFT_VERSION = 4.0;
				TARGETED_DEVICE_FAMILY = "1,2";
			};
			name = Release;
		};
		2F6057571F9F363F00E1A152 /* Debug */ = {
			isa = XCBuildConfiguration;
			baseConfigurationReference = 8EF2D97FD3B4425EFEB32E3F /* Pods-RxSwiftPalletTests.debug.xcconfig */;
			buildSettings = {
				ALWAYS_EMBED_SWIFT_STANDARD_LIBRARIES = YES;
				BUNDLE_LOADER = "$(TEST_HOST)";
				CODE_SIGN_STYLE = Automatic;
				DEVELOPMENT_TEAM = 4H2GBX7V7H;
				INFOPLIST_FILE = RxSwiftPalletTests/Info.plist;
				LD_RUNPATH_SEARCH_PATHS = "$(inherited) @executable_path/Frameworks @loader_path/Frameworks";
				PRODUCT_BUNDLE_IDENTIFIER = com.Hain.RxSwiftPalletTests;
				PRODUCT_NAME = "$(TARGET_NAME)";
				SWIFT_VERSION = 4.0;
				TARGETED_DEVICE_FAMILY = "1,2";
				TEST_HOST = "$(BUILT_PRODUCTS_DIR)/RxSwiftPallet.app/RxSwiftPallet";
			};
			name = Debug;
		};
		2F6057581F9F363F00E1A152 /* Release */ = {
			isa = XCBuildConfiguration;
			baseConfigurationReference = D3FD474827B42D43C595C2DB /* Pods-RxSwiftPalletTests.release.xcconfig */;
			buildSettings = {
				ALWAYS_EMBED_SWIFT_STANDARD_LIBRARIES = YES;
				BUNDLE_LOADER = "$(TEST_HOST)";
				CODE_SIGN_STYLE = Automatic;
				DEVELOPMENT_TEAM = 4H2GBX7V7H;
				INFOPLIST_FILE = RxSwiftPalletTests/Info.plist;
				LD_RUNPATH_SEARCH_PATHS = "$(inherited) @executable_path/Frameworks @loader_path/Frameworks";
				PRODUCT_BUNDLE_IDENTIFIER = com.Hain.RxSwiftPalletTests;
				PRODUCT_NAME = "$(TARGET_NAME)";
				SWIFT_VERSION = 4.0;
				TARGETED_DEVICE_FAMILY = "1,2";
				TEST_HOST = "$(BUILT_PRODUCTS_DIR)/RxSwiftPallet.app/RxSwiftPallet";
			};
			name = Release;
		};
		2F60575A1F9F363F00E1A152 /* Debug */ = {
			isa = XCBuildConfiguration;
			baseConfigurationReference = E24DA8932086AF20156D823D /* Pods-RxSwiftPalletUITests.debug.xcconfig */;
			buildSettings = {
				ALWAYS_EMBED_SWIFT_STANDARD_LIBRARIES = YES;
				CODE_SIGN_STYLE = Automatic;
				DEVELOPMENT_TEAM = 4H2GBX7V7H;
				INFOPLIST_FILE = RxSwiftPalletUITests/Info.plist;
				LD_RUNPATH_SEARCH_PATHS = "$(inherited) @executable_path/Frameworks @loader_path/Frameworks";
				PRODUCT_BUNDLE_IDENTIFIER = com.Hain.RxSwiftPalletUITests;
				PRODUCT_NAME = "$(TARGET_NAME)";
				SWIFT_VERSION = 4.0;
				TARGETED_DEVICE_FAMILY = "1,2";
				TEST_TARGET_NAME = RxSwiftPallet;
			};
			name = Debug;
		};
		2F60575B1F9F363F00E1A152 /* Release */ = {
			isa = XCBuildConfiguration;
			baseConfigurationReference = 1454DE25E1D315ACFDB682F7 /* Pods-RxSwiftPalletUITests.release.xcconfig */;
			buildSettings = {
				ALWAYS_EMBED_SWIFT_STANDARD_LIBRARIES = YES;
				CODE_SIGN_STYLE = Automatic;
				DEVELOPMENT_TEAM = 4H2GBX7V7H;
				INFOPLIST_FILE = RxSwiftPalletUITests/Info.plist;
				LD_RUNPATH_SEARCH_PATHS = "$(inherited) @executable_path/Frameworks @loader_path/Frameworks";
				PRODUCT_BUNDLE_IDENTIFIER = com.Hain.RxSwiftPalletUITests;
				PRODUCT_NAME = "$(TARGET_NAME)";
				SWIFT_VERSION = 4.0;
				TARGETED_DEVICE_FAMILY = "1,2";
				TEST_TARGET_NAME = RxSwiftPallet;
			};
			name = Release;
		};
/* End XCBuildConfiguration section */

/* Begin XCConfigurationList section */
		2F6057261F9F363F00E1A152 /* Build configuration list for PBXProject "RxSwiftPallet" */ = {
			isa = XCConfigurationList;
			buildConfigurations = (
				2F6057511F9F363F00E1A152 /* Debug */,
				2F6057521F9F363F00E1A152 /* Release */,
			);
			defaultConfigurationIsVisible = 0;
			defaultConfigurationName = Release;
		};
		2F6057531F9F363F00E1A152 /* Build configuration list for PBXNativeTarget "RxSwiftPallet" */ = {
			isa = XCConfigurationList;
			buildConfigurations = (
				2F6057541F9F363F00E1A152 /* Debug */,
				2F6057551F9F363F00E1A152 /* Release */,
			);
			defaultConfigurationIsVisible = 0;
			defaultConfigurationName = Release;
		};
		2F6057561F9F363F00E1A152 /* Build configuration list for PBXNativeTarget "RxSwiftPalletTests" */ = {
			isa = XCConfigurationList;
			buildConfigurations = (
				2F6057571F9F363F00E1A152 /* Debug */,
				2F6057581F9F363F00E1A152 /* Release */,
			);
			defaultConfigurationIsVisible = 0;
			defaultConfigurationName = Release;
		};
		2F6057591F9F363F00E1A152 /* Build configuration list for PBXNativeTarget "RxSwiftPalletUITests" */ = {
			isa = XCConfigurationList;
			buildConfigurations = (
				2F60575A1F9F363F00E1A152 /* Debug */,
				2F60575B1F9F363F00E1A152 /* Release */,
			);
			defaultConfigurationIsVisible = 0;
			defaultConfigurationName = Release;
		};
/* End XCConfigurationList section */
	};
	rootObject = 2F6057231F9F363F00E1A152 /* Project object */;
}
